{
  "requires": true,
  "lockfileVersion": 1,
  "dependencies": {
    "@types/ragemp-s": {
      "version": "https://github.com/CocaColaBear/types-ragemp-s/tarball/master",
      "integrity": "sha512-9K0azAD/hqe9S5iGBapPCP1JouM9+e6nX3vmkl7szIAUuLcUJU3/mitURpywWM+wt8Ua73L9SlVnKIMVEhPHLA==",
      "dev": true
    }
  }
}
